Microsoft Visual Studio Solution File, Format Version 12.00
# Visual Studio Version 17
VisualStudioVersion = 17.5.2.0
MinimumVisualStudioVersion = 10.0.40219.1
Project("{FAE04EC0-301F-11D3-BF4B-00C04F79EFBC}") = "Mindfulness", "Mindfulness.csproj", "{8BF25351-0D9D-9E72-1E0B-A4FE8ED66BF1}"
EndProject
Global
	GlobalSection(SolutionConfigurationPlatforms) = preSolution
		Debug|Any CPU = Debug|Any CPU
		Release|Any CPU = Release|Any CPU
	EndGlobalSection
	GlobalSection(ProjectConfigurationPlatforms) = postSolution
		{8BF25351-0D9D-9E72-1E0B-A4FE8ED66BF1}.Debug|Any CPU.ActiveCfg = Debug|Any CPU
		{8BF25351-0D9D-9E72-1E0B-A4FE8ED66BF1}.Debug|Any CPU.Build.0 = Debug|Any CPU
		{8BF25351-0D9D-9E72-1E0B-A4FE8ED66BF1}.Release|Any CPU.ActiveCfg = Release|Any CPU
		{8BF25351-0D9D-9E72-1E0B-A4FE8ED66BF1}.Release|Any CPU.Build.0 = Release|Any CPU
	EndGlobalSection
	GlobalSection(SolutionProperties) = preSolution
		HideSolutionNode = FALSE
	EndGlobalSection
	GlobalSection(ExtensibilityGlobals) = postSolution
		SolutionGuid = {3B5D663A-6C08-48EB-B0F6-21633FF7413D}
	EndGlobalSection
EndGlobal
