Microsoft Visual Studio Solution File, Format Version 12.00
# Visual Studio Version 17
VisualStudioVersion = 17.5.2.0
MinimumVisualStudioVersion = 10.0.40219.1
Project("{FAE04EC0-301F-11D3-BF4B-00C04F79EFBC}") = "ExerciseTracking", "ExerciseTracking.csproj", "{A21B3436-0EC8-FAE2-1ACF-1EE2E56ED96B}"
EndProject
Global
	GlobalSection(SolutionConfigurationPlatforms) = preSolution
		Debug|Any CPU = Debug|Any CPU
		Release|Any CPU = Release|Any CPU
	EndGlobalSection
	GlobalSection(ProjectConfigurationPlatforms) = postSolution
		{A21B3436-0EC8-FAE2-1ACF-1EE2E56ED96B}.Debug|Any CPU.ActiveCfg = Debug|Any CPU
		{A21B3436-0EC8-FAE2-1ACF-1EE2E56ED96B}.Debug|Any CPU.Build.0 = Debug|Any CPU
		{A21B3436-0EC8-FAE2-1ACF-1EE2E56ED96B}.Release|Any CPU.ActiveCfg = Release|Any CPU
		{A21B3436-0EC8-FAE2-1ACF-1EE2E56ED96B}.Release|Any CPU.Build.0 = Release|Any CPU
	EndGlobalSection
	GlobalSection(SolutionProperties) = preSolution
		HideSolutionNode = FALSE
	EndGlobalSection
	GlobalSection(ExtensibilityGlobals) = postSolution
		SolutionGuid = {95076DDD-5EEF-4463-ABCF-B5355CDB62EE}
	EndGlobalSection
EndGlobal
