Microsoft Visual Studio Solution File, Format Version 12.00
# Visual Studio Version 17
VisualStudioVersion = 17.5.2.0
MinimumVisualStudioVersion = 10.0.40219.1
Project("{FAE04EC0-301F-11D3-BF4B-00C04F79EFBC}") = "ScriptureMemorizer", "ScriptureMemorizer.csproj", "{9849BBA2-66E4-632E-3C0D-3B9BFE584C81}"
EndProject
Global
	GlobalSection(SolutionConfigurationPlatforms) = preSolution
		Debug|Any CPU = Debug|Any CPU
		Release|Any CPU = Release|Any CPU
	EndGlobalSection
	GlobalSection(ProjectConfigurationPlatforms) = postSolution
		{9849BBA2-66E4-632E-3C0D-3B9BFE584C81}.Debug|Any CPU.ActiveCfg = Debug|Any CPU
		{9849BBA2-66E4-632E-3C0D-3B9BFE584C81}.Debug|Any CPU.Build.0 = Debug|Any CPU
		{9849BBA2-66E4-632E-3C0D-3B9BFE584C81}.Release|Any CPU.ActiveCfg = Release|Any CPU
		{9849BBA2-66E4-632E-3C0D-3B9BFE584C81}.Release|Any CPU.Build.0 = Release|Any CPU
	EndGlobalSection
	GlobalSection(SolutionProperties) = preSolution
		HideSolutionNode = FALSE
	EndGlobalSection
	GlobalSection(ExtensibilityGlobals) = postSolution
		SolutionGuid = {E3360684-5166-447D-AED3-D573DC87A75B}
	EndGlobalSection
EndGlobal
